
Microsoft Visual Studio Solution File, Format Version 12.00
# Visual Studio Version 16
VisualStudioVersion = 16.0.31515.178
MinimumVisualStudioVersion = 10.0.40219.1
Project("{FAE04EC0-301F-11D3-BF4B-00C04F79EFBC}") = "KKTCELL-SOAP-BACKEND", "KKTCELL-SOAP-BACKEND\KKTCELL-SOAP-BACKEND.csproj", "{9CDDE79D-0EAB-46E0-910F-FAB514FF7592}"
EndProject
Global
	GlobalSection(SolutionConfigurationPlatforms) = preSolution
		Debug|Any CPU = Debug|Any CPU
		Release|Any CPU = Release|Any CPU
	EndGlobalSection
	GlobalSection(ProjectConfigurationPlatforms) = postSolution
		{9CDDE79D-0EAB-46E0-910F-FAB514FF7592}.Debug|Any CPU.ActiveCfg = Debug|Any CPU
		{9CDDE79D-0EAB-46E0-910F-FAB514FF7592}.Debug|Any CPU.Build.0 = Debug|Any CPU
		{9CDDE79D-0EAB-46E0-910F-FAB514FF7592}.Release|Any CPU.ActiveCfg = Release|Any CPU
		{9CDDE79D-0EAB-46E0-910F-FAB514FF7592}.Release|Any CPU.Build.0 = Release|Any CPU
	EndGlobalSection
	GlobalSection(SolutionProperties) = preSolution
		HideSolutionNode = FALSE
	EndGlobalSection
	GlobalSection(ExtensibilityGlobals) = postSolution
		SolutionGuid = {95D6BA9A-2E40-4C4D-B6EB-8F0A10815A7A}
	EndGlobalSection
EndGlobal
